// !$*UTF8*$!
{
	archiveVersion = 1;
	classes = {
	};
	objectVersion = 50;
	objects = {

/* Begin PBXBuildFile section */
		524BCFFB22344D1500692C2C /* AppDelegate.swift in Sources */ = {isa = PBXBuildFile; fileRef = 524BCFFA22344D1500692C2C /* AppDelegate.swift */; };
		524BCFFD22344D1500692C2C /* PlayerListViewController.swift in Sources */ = {isa = PBXBuildFile; fileRef = 524BCFFC22344D1500692C2C /* PlayerListViewController.swift */; };
		524BD00022344D1500692C2C /* Main.storyboard in Resources */ = {isa = PBXBuildFile; fileRef = 524BCFFE22344D1500692C2C /* Main.storyboard */; };
		524BD00222344D1500692C2C /* Assets.xcassets in Resources */ = {isa = PBXBuildFile; fileRef = 524BD00122344D1500692C2C /* Assets.xcassets */; };
		524BD00522344D1500692C2C /* LaunchScreen.storyboard in Resources */ = {isa = PBXBuildFile; fileRef = 524BD00322344D1500692C2C /* LaunchScreen.storyboard */; };
		528A9F422236B99E00EDBF51 /* DataModel.xcdatamodeld in Sources */ = {isa = PBXBuildFile; fileRef = 528A9F402236B99E00EDBF51 /* DataModel.xcdatamodeld */; };
/* End PBXBuildFile section */

/* Begin PBXFileReference section */
		524BCFF722344D1500692C2C /* PlayerList.app */ = {isa = PBXFileReference; explicitFileType = wrapper.application; includeInIndex = 0; path = PlayerList.app; sourceTree = BUILT_PRODUCTS_DIR; };
		524BCFFA22344D1500692C2C /* AppDelegate.swift */ = {isa = PBXFileReference; lastKnownFileType = sourcecode.swift; path = AppDelegate.swift; sourceTree = "<group>"; };
		524BCFFC22344D1500692C2C /* PlayerListViewController.swift */ = {isa = PBXFileReference; lastKnownFileType = sourcecode.swift; path = PlayerListViewController.swift; sourceTree = "<group>"; };
		524BCFFF22344D1500692C2C /* Base */ = {isa = PBXFileReference; lastKnownFileType = file.storyboard; name = Base; path = Base.lproj/Main.storyboard; sourceTree = "<group>"; };
		524BD00122344D1500692C2C /* Assets.xcassets */ = {isa = PBXFileReference; lastKnownFileType = folder.assetcatalog; path = Assets.xcassets; sourceTree = "<group>"; };
		524BD00422344D1500692C2C /* Base */ = {isa = PBXFileReference; lastKnownFileType = file.storyboard; name = Base; path = Base.lproj/LaunchScreen.storyboard; sourceTree = "<group>"; };
		524BD00622344D1500692C2C /* Info.plist */ = {isa = PBXFileReference; lastKnownFileType = text.plist.xml; path = Info.plist; sourceTree = "<group>"; };
		528A9F412236B99E00EDBF51 /* DataModel.xcdatamodel */ = {isa = PBXFileReference; lastKnownFileType = wrapper.xcdatamodel; path = DataModel.xcdatamodel; sourceTree = "<group>"; };
/* End PBXFileReference section */

/* Begin PBXFrameworksBuildPhase section */
		524BCFF422344D1500692C2C /* Frameworks */ = {
			isa = PBXFrameworksBuildPhase;
			buildActionMask = 2147483647;
			files = (
			);
			runOnlyForDeploymentPostprocessing = 0;
		};
/* End PBXFrameworksBuildPhase section */

/* Begin PBXGroup section */
		524BCFEE22344D1500692C2C = {
			isa = PBXGroup;
			children = (
				524BCFF922344D1500692C2C /* PlayerList */,
				524BCFF822344D1500692C2C /* Products */,
			);
			sourceTree = "<group>";
		};
		524BCFF822344D1500692C2C /* Products */ = {
			isa = PBXGroup;
			children = (
				524BCFF722344D1500692C2C /* PlayerList.app */,
			);
			name = Products;
			sourceTree = "<group>";
		};
		524BCFF922344D1500692C2C /* PlayerList */ = {
			isa = PBXGroup;
			children = (
				524BCFFA22344D1500692C2C /* AppDelegate.swift */,
				52A1CE5122355C080029EE2D /* Controllers */,
				52A1CE5022355BAA0029EE2D /* Data Model */,
				52A1CE5222355C3A0029EE2D /* Views */,
				52A1CE5322355C630029EE2D /* Supporting Files */,
				524BD00622344D1500692C2C /* Info.plist */,
			);
			path = PlayerList;
			sourceTree = "<group>";
		};
		52A1CE5022355BAA0029EE2D /* Data Model */ = {
			isa = PBXGroup;
			children = (
				528A9F402236B99E00EDBF51 /* DataModel.xcdatamodeld */,
			);
			path = "Data Model";
			sourceTree = "<group>";
		};
		52A1CE5122355C080029EE2D /* Controllers */ = {
			isa = PBXGroup;
			children = (
				524BCFFC22344D1500692C2C /* PlayerListViewController.swift */,
			);
			path = Controllers;
			sourceTree = "<group>";
		};
		52A1CE5222355C3A0029EE2D /* Views */ = {
			isa = PBXGroup;
			children = (
				524BCFFE22344D1500692C2C /* Main.storyboard */,
			);
			path = Views;
			sourceTree = "<group>";
		};
		52A1CE5322355C630029EE2D /* Supporting Files */ = {
			isa = PBXGroup;
			children = (
				524BD00122344D1500692C2C /* Assets.xcassets */,
				524BD00322344D1500692C2C /* LaunchScreen.storyboard */,
			);
			path = "Supporting Files";
			sourceTree = "<group>";
		};
/* End PBXGroup section */

/* Begin PBXNativeTarget section */
		524BCFF622344D1500692C2C /* PlayerList */ = {
			isa = PBXNativeTarget;
			buildConfigurationList = 524BD00922344D1500692C2C /* Build configuration list for PBXNativeTarget "PlayerList" */;
			buildPhases = (
				524BCFF322344D1500692C2C /* Sources */,
				524BCFF422344D1500692C2C /* Frameworks */,
				524BCFF522344D1500692C2C /* Resources */,
			);
			buildRules = (
			);
			dependencies = (
			);
			name = PlayerList;
			productName = PlayerList;
			productReference = 524BCFF722344D1500692C2C /* PlayerList.app */;
			productType = "com.apple.product-type.application";
		};
/* End PBXNativeTarget section */

/* Begin PBXProject section */
		524BCFEF22344D1500692C2C /* Project object */ = {
			isa = PBXProject;
			attributes = {
				LastSwiftUpdateCheck = 1010;
				LastUpgradeCheck = 1010;
				ORGANIZATIONNAME = Sammel;
				TargetAttributes = {
					524BCFF622344D1500692C2C = {
						CreatedOnToolsVersion = 10.1;
					};
				};
			};
			buildConfigurationList = 524BCFF222344D1500692C2C /* Build configuration list for PBXProject "PlayerList" */;
			compatibilityVersion = "Xcode 9.3";
			developmentRegion = en;
			hasScannedForEncodings = 0;
			knownRegions = (
				en,
				Base,
			);
			mainGroup = 524BCFEE22344D1500692C2C;
			productRefGroup = 524BCFF822344D1500692C2C /* Products */;
			projectDirPath = "";
			projectRoot = "";
			targets = (
				524BCFF622344D1500692C2C /* PlayerList */,
			);
		};
/* End PBXProject section */

/* Begin PBXResourcesBuildPhase section */
		524BCFF522344D1500692C2C /* Resources */ = {
			isa = PBXResourcesBuildPhase;
			buildActionMask = 2147483647;
			files = (
				524BD00522344D1500692C2C /* LaunchScreen.storyboard in Resources */,
				524BD00222344D1500692C2C /* Assets.xcassets in Resources */,
				524BD00022344D1500692C2C /* Main.storyboard in Resources */,
			);
			runOnlyForDeploymentPostprocessing = 0;
		};
/* End PBXResourcesBuildPhase section */

/* Begin PBXSourcesBuildPhase section */
		524BCFF322344D1500692C2C /* Sources */ = {
			isa = PBXSourcesBuildPhase;
			buildActionMask = 2147483647;
			files = (
				524BCFFD22344D1500692C2C /* PlayerListViewController.swift in Sources */,
				528A9F422236B99E00EDBF51 /* DataModel.xcdatamodeld in Sources */,
				524BCFFB22344D1500692C2C /* AppDelegate.swift in Sources */,
			);
			runOnlyForDeploymentPostprocessing = 0;
		};
/* End PBXSourcesBuildPhase section */

/* Begin PBXVariantGroup section */
		524BCFFE22344D1500692C2C /* Main.storyboard */ = {
			isa = PBXVariantGroup;
			children = (
				524BCFFF22344D1500692C2C /* Base */,
			);
			name = Main.storyboard;
			sourceTree = "<group>";
		};
		524BD00322344D1500692C2C /* LaunchScreen.storyboard */ = {
			isa = PBXVariantGroup;
			children = (
				524BD00422344D1500692C2C /* Base */,
			);
			name = LaunchScreen.storyboard;
			sourceTree = "<group>";
		};
/* End PBXVariantGroup section */

/* Begin XCBuildConfiguration section */
		524BD00722344D1500692C2C /* Debug */ = {
			isa = XCBuildConfiguration;
			buildSettings = {
				ALWAYS_SEARCH_USER_PATHS = NO;
				CLANG_ANALYZER_NONNULL = YES;
				CLANG_ANALYZER_NUMBER_OBJECT_CONVERSION = YES_AGGRESSIVE;
				CLANG_CXX_LANGUAGE_STANDARD = "gnu++14";
				CLANG_CXX_LIBRARY = "libc++";
				CLANG_ENABLE_MODULES = YES;
				CLANG_ENABLE_OBJC_ARC = YES;
				CLANG_ENABLE_OBJC_WEAK = YES;
				CLANG_WARN_BLOCK_CAPTURE_AUTORELEASING = YES;
				CLANG_WARN_BOOL_CONVERSION = YES;
				CLANG_WARN_COMMA = YES;
				CLANG_WARN_CONSTANT_CONVERSION = YES;
				CLANG_WARN_DEPRECATED_OBJC_IMPLEMENTATIONS = YES;
				CLANG_WARN_DIRECT_OBJC_ISA_USAGE = YES_ERROR;
				CLANG_WARN_DOCUMENTATION_COMMENTS = YES;
				CLANG_WARN_EMPTY_BODY = YES;
				CLANG_WARN_ENUM_CONVERSION = YES;
				CLANG_WARN_INFINITE_RECURSION = YES;
				CLANG_WARN_INT_CONVERSION = YES;
				CLANG_WARN_NON_LITERAL_NULL_CONVERSION = YES;
				CLANG_WARN_OBJC_IMPLICIT_RETAIN_SELF = YES;
				CLANG_WARN_OBJC_LITERAL_CONVERSION = YES;
				CLANG_WARN_OBJC_ROOT_CLASS = YES_ERROR;
				CLANG_WARN_RANGE_LOOP_ANALYSIS = YES;
				CLANG_WARN_STRICT_PROTOTYPES = YES;
				CLANG_WARN_SUSPICIOUS_MOVE = YES;
				CLANG_WARN_UNGUARDED_AVAILABILITY = YES_AGGRESSIVE;
				CLANG_WARN_UNREACHABLE_CODE = YES;
				CLANG_WARN__DUPLICATE_METHOD_MATCH = YES;
				CODE_SIGN_IDENTITY = "iPhone Developer";
				COPY_PHASE_STRIP = NO;
				DEBUG_INFORMATION_FORMAT = dwarf;
				ENABLE_STRICT_OBJC_MSGSEND = YES;
				ENABLE_TESTABILITY = YES;
				GCC_C_LANGUAGE_STANDARD = gnu11;
				GCC_DYNAMIC_NO_PIC = NO;
				GCC_NO_COMMON_BLOCKS = YES;
				GCC_OPTIMIZATION_LEVEL = 0;
				GCC_PREPROCESSOR_DEFINITIONS = (
					"DEBUG=1",
					"$(inherited)",
				);
				GCC_WARN_64_TO_32_BIT_CONVERSION = YES;
				GCC_WARN_ABOUT_RETURN_TYPE = YES_ERROR;
				GCC_WARN_UNDECLARED_SELECTOR = YES;
				GCC_WARN_UNINITIALIZED_AUTOS = YES_AGGRESSIVE;
				GCC_WARN_UNUSED_FUNCTION = YES;
				GCC_WARN_UNUSED_VARIABLE = YES;
				IPHONEOS_DEPLOYMENT_TARGET = 12.1;
				MTL_ENABLE_DEBUG_INFO = INCLUDE_SOURCE;
				MTL_FAST_MATH = YES;
				ONLY_ACTIVE_ARCH = YES;
				SDKROOT = iphoneos;
				SWIFT_ACTIVE_COMPILATION_CONDITIONS = DEBUG;
				SWIFT_OPTIMIZATION_LEVEL = "-Onone";
			};
			name = Debug;
		};
		524BD00822344D1500692C2C /* Release */ = {
			isa = XCBuildConfiguration;
			buildSettings = {
				ALWAYS_SEARCH_USER_PATHS = NO;
				CLANG_ANALYZER_NONNULL = YES;
				CLANG_ANALYZER_NUMBER_OBJECT_CONVERSION = YES_AGGRESSIVE;
				CLANG_CXX_LANGUAGE_STANDARD = "gnu++14";
				CLANG_CXX_LIBRARY = "libc++";
				CLANG_ENABLE_MODULES = YES;
				CLANG_ENABLE_OBJC_ARC = YES;
				CLANG_ENABLE_OBJC_WEAK = YES;
				CLANG_WARN_BLOCK_CAPTURE_AUTORELEASING = YES;
				CLANG_WARN_BOOL_CONVERSION = YES;
				CLANG_WARN_COMMA = YES;
				CLANG_WARN_CONSTANT_CONVERSION = YES;
				CLANG_WARN_DEPRECATED_OBJC_IMPLEMENTATIONS = YES;
				CLANG_WARN_DIRECT_OBJC_ISA_USAGE = YES_ERROR;
				CLANG_WARN_DOCUMENTATION_COMMENTS = YES;
				CLANG_WARN_EMPTY_BODY = YES;
				CLANG_WARN_ENUM_CONVERSION = YES;
				CLANG_WARN_INFINITE_RECURSION = YES;
				CLANG_WARN_INT_CONVERSION = YES;
				CLANG_WARN_NON_LITERAL_NULL_CONVERSION = YES;
				CLANG_WARN_OBJC_IMPLICIT_RETAIN_SELF = YES;
				CLANG_WARN_OBJC_LITERAL_CONVERSION = YES;
				CLANG_WARN_OBJC_ROOT_CLASS = YES_ERROR;
				CLANG_WARN_RANGE_LOOP_ANALYSIS = YES;
				CLANG_WARN_STRICT_PROTOTYPES = YES;
				CLANG_WARN_SUSPICIOUS_MOVE = YES;
				CLANG_WARN_UNGUARDED_AVAILABILITY = YES_AGGRESSIVE;
				CLANG_WARN_UNREACHABLE_CODE = YES;
				CLANG_WARN__DUPLICATE_METHOD_MATCH = YES;
				CODE_SIGN_IDENTITY = "iPhone Developer";
				COPY_PHASE_STRIP = NO;
				DEBUG_INFORMATION_FORMAT = "dwarf-with-dsym";
				ENABLE_NS_ASSERTIONS = NO;
				ENABLE_STRICT_OBJC_MSGSEND = YES;
				GCC_C_LANGUAGE_STANDARD = gnu11;
				GCC_NO_COMMON_BLOCKS = YES;
				GCC_WARN_64_TO_32_BIT_CONVERSION = YES;
				GCC_WARN_ABOUT_RETURN_TYPE = YES_ERROR;
				GCC_WARN_UNDECLARED_SELECTOR = YES;
				GCC_WARN_UNINITIALIZED_AUTOS = YES_AGGRESSIVE;
				GCC_WARN_UNUSED_FUNCTION = YES;
				GCC_WARN_UNUSED_VARIABLE = YES;
				IPHONEOS_DEPLOYMENT_TARGET = 12.1;
				MTL_ENABLE_DEBUG_INFO = NO;
				MTL_FAST_MATH = YES;
				SDKROOT = iphoneos;
				SWIFT_COMPILATION_MODE = wholemodule;
				SWIFT_OPTIMIZATION_LEVEL = "-O";
				VALIDATE_PRODUCT = YES;
			};
			name = Release;
		};
		524BD00A22344D1500692C2C /* Debug */ = {
			isa = XCBuildConfiguration;
			buildSettings = {
				ASSETCATALOG_COMPILER_APPICON_NAME = AppIcon;
				CODE_SIGN_STYLE = Automatic;
				DEVELOPMENT_TEAM = 878YW3RMC7;
				INFOPLIST_FILE = PlayerList/Info.plist;
				LD_RUNPATH_SEARCH_PATHS = (
					"$(inherited)",
					"@executable_path/Frameworks",
				);
				PRODUCT_BUNDLE_IDENTIFIER = ltd.sammel.PlayerList;
				PRODUCT_NAME = "$(TARGET_NAME)";
				SWIFT_VERSION = 4.2;
				TARGETED_DEVICE_FAMILY = "1,2";
			};
			name = Debug;
		};
		524BD00B22344D1500692C2C /* Release */ = {
			isa = XCBuildConfiguration;
			buildSettings = {
				ASSETCATALOG_COMPILER_APPICON_NAME = AppIcon;
				CODE_SIGN_STYLE = Automatic;
				DEVELOPMENT_TEAM = 878YW3RMC7;
				INFOPLIST_FILE = PlayerList/Info.plist;
				LD_RUNPATH_SEARCH_PATHS = (
					"$(inherited)",
					"@executable_path/Frameworks",
				);
				PRODUCT_BUNDLE_IDENTIFIER = ltd.sammel.PlayerList;
				PRODUCT_NAME = "$(TARGET_NAME)";
				SWIFT_VERSION = 4.2;
				TARGETED_DEVICE_FAMILY = "1,2";
			};
			name = Release;
		};
/* End XCBuildConfiguration section */

/* Begin XCConfigurationList section */
		524BCFF222344D1500692C2C /* Build configuration list for PBXProject "PlayerList" */ = {
			isa = XCConfigurationList;
			buildConfigurations = (
				524BD00722344D1500692C2C /* Debug */,
				524BD00822344D1500692C2C /* Release */,
			);
			defaultConfigurationIsVisible = 0;
			defaultConfigurationName = Release;
		};
		524BD00922344D1500692C2C /* Build configuration list for PBXNativeTarget "PlayerList" */ = {
			isa = XCConfigurationList;
			buildConfigurations = (
				524BD00A22344D1500692C2C /* Debug */,
				524BD00B22344D1500692C2C /* Release */,
			);
			defaultConfigurationIsVisible = 0;
			defaultConfigurationName = Release;
		};
/* End XCConfigurationList section */

/* Begin XCVersionGroup section */
		528A9F402236B99E00EDBF51 /* DataModel.xcdatamodeld */ = {
			isa = XCVersionGroup;
			children = (
				528A9F412236B99E00EDBF51 /* DataModel.xcdatamodel */,
			);
			currentVersion = 528A9F412236B99E00EDBF51 /* DataModel.xcdatamodel */;
			path = DataModel.xcdatamodeld;
			sourceTree = "<group>";
			versionGroupType = wrapper.xcdatamodel;
		};
/* End XCVersionGroup section */
	};
	rootObject = 524BCFEF22344D1500692C2C /* Project object */;
}
